
Microsoft Visual Studio Solution File, Format Version 12.00
# Visual Studio Version 17
VisualStudioVersion = 17.10.34928.147
MinimumVisualStudioVersion = 10.0.40219.1
Project("{FAE04EC0-301F-11D3-BF4B-00C04F79EFBC}") = "array-counter-calculation", "array-counter-calculation.csproj", "{60892862-A60C-4D33-9E99-E36DD7732032}"
EndProject
Global
	GlobalSection(SolutionConfigurationPlatforms) = preSolution
		Debug|Any CPU = Debug|Any CPU
		Release|Any CPU = Release|Any CPU
	EndGlobalSection
	GlobalSection(ProjectConfigurationPlatforms) = postSolution
		{60892862-A60C-4D33-9E99-E36DD7732032}.Debug|Any CPU.ActiveCfg = Debug|Any CPU
		{60892862-A60C-4D33-9E99-E36DD7732032}.Debug|Any CPU.Build.0 = Debug|Any CPU
		{60892862-A60C-4D33-9E99-E36DD7732032}.Release|Any CPU.ActiveCfg = Release|Any CPU
		{60892862-A60C-4D33-9E99-E36DD7732032}.Release|Any CPU.Build.0 = Release|Any CPU
	EndGlobalSection
	GlobalSection(SolutionProperties) = preSolution
		HideSolutionNode = FALSE
	EndGlobalSection
	GlobalSection(ExtensibilityGlobals) = postSolution
		SolutionGuid = {4B5517EE-1E60-478B-9726-D52D05EDB94D}
	EndGlobalSection
EndGlobal
